{
  "version": 4,
  "terraform_version": "1.9.7",
  "serial": 107,
  "lineage": "5532465a-cac2-2f59-1c56-87e7c2b13253",
  "outputs": {
    "bastion_server_public_ip": {
      "value": "8.213.39.75",
      "type": "string"
    },
    "http_server_private_ip": {
      "value": [
        "10.0.2.234",
        "10.0.2.233"
      ],
      "type": [
        "tuple",
        [
          "string",
          "string"
        ]
      ]
    },
    "loadBalancer_domain": {
      "value": "nlb-c16h9sdm9v4jkzxhq0.me-central-1.nlb.aliyuncs.com",
      "type": "string"
    },
    "mysql_server_private_ip": {
      "value": "10.0.2.232",
      "type": "string"
    },
    "redis_server_private_ip": {
      "value": "10.0.2.231",
      "type": "string"
    }
  },
  "resources": [
    {
      "mode": "data",
      "type": "alicloud_zones",
      "name": "default",
      "provider": "provider[\"registry.terraform.io/hashicorp/alicloud\"]",
      "instances": [
        {
          "schema_version": 0,
          "attributes": {
            "available_disk_category": "cloud_efficiency",
            "available_instance_type": null,
            "available_resource_creation": "VSwitch",
            "available_slb_address_ip_version": null,
            "available_slb_address_type": null,
            "enable_details": false,
            "id": "398025721",
            "ids": [
              "me-central-1a",
              "me-central-1b"
            ],
            "instance_charge_type": "PostPaid",
            "multi": false,
            "network_type": null,
            "output_file": null,
            "spot_strategy": "NoSpot",
            "zones": [
              {
                "available_disk_categories": [],
                "available_instance_types": [],
                "available_resource_creation": [],
                "id": "me-central-1a",
                "local_name": "",
                "multi_zone_ids": [],
                "slb_slave_zone_ids": []
              },
              {
                "available_disk_categories": [],
                "available_instance_types": [],
                "available_resource_creation": [],
                "id": "me-central-1b",
                "local_name": "",
                "multi_zone_ids": [],
                "slb_slave_zone_ids": []
              }
            ]
          },
          "sensitive_attributes": []
        }
      ]
    },
    {
      "mode": "managed",
      "type": "alicloud_ecs_key_pair",
      "name": "myKey",
      "provider": "provider[\"registry.terraform.io/hashicorp/alicloud\"]",
      "instances": [
        {
          "schema_version": 0,
          "attributes": {
            "finger_print": "14bb67ec897fc4d9e130e5342a7cc8c6",
            "id": "myKey",
            "key_file": "myKey.pem",
            "key_name": "myKey",
            "key_name_prefix": null,
            "key_pair_name": "myKey",
            "public_key": null,
            "resource_group_id": "",
            "tags": null,
            "timeouts": null
          },
          "sensitive_attributes": [],
          "private": "eyJlMmJmYjczMC1lY2FhLTExZTYtOGY4OC0zNDM2M2JjN2M0YzAiOnsiZGVsZXRlIjozMDAwMDAwMDAwMDB9fQ=="
        }
      ]
    },
    {
      "mode": "managed",
      "type": "alicloud_eip_address",
      "name": "nat_eip",
      "provider": "provider[\"registry.terraform.io/hashicorp/alicloud\"]",
      "instances": [
        {
          "schema_version": 0,
          "attributes": {
            "activity_id": null,
            "address_name": "nat_eip",
            "allocation_id": "eip-l4vro4gg0hkpb1vq22k8p",
            "auto_pay": null,
            "bandwidth": "100",
            "create_time": "2024-10-30T02:27:03Z",
            "deletion_protection": false,
            "description": "nat elastic IP address",
            "high_definition_monitor_log_status": "OFF",
            "id": "eip-l4vro4gg0hkpb1vq22k8p",
            "instance_charge_type": "PostPaid",
            "internet_charge_type": "PayByTraffic",
            "ip_address": "8.213.32.68",
            "isp": "BGP",
            "log_project": null,
            "log_store": null,
            "mode": "NAT",
            "name": "nat_eip",
            "netmode": "public",
            "payment_type": "PayAsYouGo",
            "period": null,
            "pricing_cycle": null,
            "public_ip_address_pool_id": null,
            "resource_group_id": "rg-acfnubpk4r7btqq",
            "security_protection_types": [],
            "status": "InUse",
            "tags": {},
            "timeouts": null,
            "zone": null
          },
          "sensitive_attributes": [],
          "private": "eyJlMmJmYjczMC1lY2FhLTExZTYtOGY4OC0zNDM2M2JjN2M0YzAiOnsiY3JlYXRlIjo1NDAwMDAwMDAwMDAsImRlbGV0ZSI6NTQwMDAwMDAwMDAwLCJ1cGRhdGUiOjU0MDAwMDAwMDAwMH19"
        }
      ]
    },
    {
      "mode": "managed",
      "type": "alicloud_eip_association",
      "name": "example",
      "provider": "provider[\"registry.terraform.io/hashicorp/alicloud\"]",
      "instances": [
        {
          "schema_version": 0,
          "attributes": {
            "allocation_id": "eip-l4vro4gg0hkpb1vq22k8p",
            "force": null,
            "id": "eip-l4vro4gg0hkpb1vq22k8p:ngw-l4vcfwwzmese44xq35myz",
            "instance_id": "ngw-l4vcfwwzmese44xq35myz",
            "instance_type": "Nat",
            "mode": "NAT",
            "private_ip_address": "",
            "timeouts": null,
            "vpc_id": ""
          },
          "sensitive_attributes": [],
          "private": "eyJlMmJmYjczMC1lY2FhLTExZTYtOGY4OC0zNDM2M2JjN2M0YzAiOnsiY3JlYXRlIjozMDAwMDAwMDAwMDAsImRlbGV0ZSI6MzAwMDAwMDAwMDAwLCJ1cGRhdGUiOjMwMDAwMDAwMDAwMH19",
          "dependencies": [
            "alicloud_eip_address.nat_eip",
            "alicloud_nat_gateway.nat",
            "alicloud_vpc.vpc",
            "alicloud_vswitch.public-a",
            "data.alicloud_zones.default"
          ]
        }
      ]
    },
    {
      "mode": "managed",
      "type": "alicloud_instance",
      "name": "basiton",
      "provider": "provider[\"registry.terraform.io/hashicorp/alicloud\"]",
      "instances": [
        {
          "schema_version": 0,
          "attributes": {
            "allocate_public_ip": null,
            "auto_release_time": "",
            "auto_renew_period": null,
            "availability_zone": "me-central-1a",
            "cpu": 2,
            "create_time": "2024-10-30T02:29Z",
            "credit_specification": "",
            "data_disks": [],
            "dedicated_host_id": "",
            "deletion_protection": false,
            "deployment_set_group_no": null,
            "deployment_set_id": "",
            "description": "",
            "dry_run": false,
            "enable_jumbo_frame": false,
            "expired_time": "2099-12-31T15:59Z",
            "force_delete": null,
            "host_name": "iZl4vc2thxkcwc4xdqb4fqZ",
            "hpc_cluster_id": "",
            "http_endpoint": "",
            "http_put_response_hop_limit": 0,
            "http_tokens": "",
            "id": "i-l4vc2thxkcwc4xdqb4fq",
            "image_id": "ubuntu_24_04_x64_20G_alibase_20240812.vhd",
            "include_data_disks": null,
            "instance_charge_type": "PostPaid",
            "instance_name": "http",
            "instance_type": "ecs.g6.large",
            "internet_charge_type": "PayByTraffic",
            "internet_max_bandwidth_in": 1000,
            "internet_max_bandwidth_out": 10,
            "io_optimized": null,
            "ipv6_address_count": 0,
            "ipv6_addresses": [],
            "is_outdated": null,
            "key_name": "myKey",
            "kms_encrypted_password": null,
            "kms_encryption_context": null,
            "launch_template_id": null,
            "launch_template_name": null,
            "launch_template_version": null,
            "maintenance_action": "AutoRecover",
            "maintenance_notify": false,
            "maintenance_time": [],
            "memory": 8192,
            "network_card_index": null,
            "network_interface_id": "eni-l4v6wam66k52k6txem6h",
            "network_interface_traffic_mode": "Standard",
            "network_interfaces": [],
            "operator_type": null,
            "os_name": "Ubuntu  24.04 64位",
            "os_type": "linux",
            "password": "",
            "password_inherit": null,
            "period": null,
            "period_unit": null,
            "primary_ip_address": "10.0.1.57",
            "private_ip": "10.0.1.57",
            "public_ip": "8.213.39.75",
            "queue_pair_number": 0,
            "renewal_status": null,
            "resource_group_id": "",
            "role_name": null,
            "secondary_private_ip_address_count": 0,
            "secondary_private_ips": [],
            "security_enhancement_strategy": null,
            "security_groups": [
              "sg-l4vhsb8ztd0tyypc3mle"
            ],
            "spot_duration": 0,
            "spot_price_limit": 0,
            "spot_strategy": "NoSpot",
            "start_time": "2024-10-30T02:29Z",
            "status": "Running",
            "stopped_mode": "Not-applicable",
            "subnet_id": "vsw-l4vof5rqtr1ics4ftrunw",
            "system_disk_auto_snapshot_policy_id": "",
            "system_disk_category": "cloud_essd",
            "system_disk_description": "",
            "system_disk_encrypt_algorithm": null,
            "system_disk_encrypted": false,
            "system_disk_id": "d-l4vcibsftdbjcn2rhc8f",
            "system_disk_kms_key_id": "",
            "system_disk_name": "",
            "system_disk_performance_level": "PL1",
            "system_disk_size": 40,
            "system_disk_storage_cluster_id": "",
            "tags": null,
            "timeouts": null,
            "user_data": "",
            "volume_tags": {},
            "vpc_id": "vpc-l4v4v93gml6fsf6i52zg8",
            "vswitch_id": "vsw-l4vof5rqtr1ics4ftrunw"
          },
          "sensitive_attributes": [
            [
              {
                "type": "get_attr",
                "value": "password"
              }
            ]
          ],
          "private": "eyJlMmJmYjczMC1lY2FhLTExZTYtOGY4OC0zNDM2M2JjN2M0YzAiOnsiY3JlYXRlIjo2MDAwMDAwMDAwMDAsImRlbGV0ZSI6MTIwMDAwMDAwMDAwMCwidXBkYXRlIjo2MDAwMDAwMDAwMDB9fQ==",
          "dependencies": [
            "alicloud_ecs_key_pair.myKey",
            "alicloud_security_group.basiton",
            "alicloud_vpc.vpc",
            "alicloud_vswitch.public-a",
            "data.alicloud_zones.default"
          ]
        }
      ]
    },
    {
      "mode": "managed",
      "type": "alicloud_instance",
      "name": "http",
      "provider": "provider[\"registry.terraform.io/hashicorp/alicloud\"]",
      "instances": [
        {
          "index_key": 0,
          "schema_version": 0,
          "attributes": {
            "allocate_public_ip": null,
            "auto_release_time": "",
            "auto_renew_period": null,
            "availability_zone": "me-central-1a",
            "cpu": 2,
            "create_time": "2024-10-30T02:29Z",
            "credit_specification": "",
            "data_disks": [],
            "dedicated_host_id": "",
            "deletion_protection": false,
            "deployment_set_group_no": null,
            "deployment_set_id": "",
            "description": "",
            "dry_run": false,
            "enable_jumbo_frame": false,
            "expired_time": "2099-12-31T15:59Z",
            "force_delete": null,
            "host_name": "iZl4vc2thxkcwc4xdqb4fsZ",
            "hpc_cluster_id": "",
            "http_endpoint": "",
            "http_put_response_hop_limit": 0,
            "http_tokens": "",
            "id": "i-l4vc2thxkcwc4xdqb4fs",
            "image_id": "ubuntu_24_04_x64_20G_alibase_20240812.vhd",
            "include_data_disks": null,
            "instance_charge_type": "PostPaid",
            "instance_name": "http-0",
            "instance_type": "ecs.g6.large",
            "internet_charge_type": "PayByTraffic",
            "internet_max_bandwidth_in": -1,
            "internet_max_bandwidth_out": 0,
            "io_optimized": null,
            "ipv6_address_count": 0,
            "ipv6_addresses": [],
            "is_outdated": null,
            "key_name": "myKey",
            "kms_encrypted_password": null,
            "kms_encryption_context": null,
            "launch_template_id": null,
            "launch_template_name": null,
            "launch_template_version": null,
            "maintenance_action": "AutoRecover",
            "maintenance_notify": false,
            "maintenance_time": [],
            "memory": 8192,
            "network_card_index": null,
            "network_interface_id": "eni-l4vcibsftdbjcn2m6g8v",
            "network_interface_traffic_mode": "Standard",
            "network_interfaces": [],
            "operator_type": null,
            "os_name": "Ubuntu  24.04 64位",
            "os_type": "linux",
            "password": "",
            "password_inherit": null,
            "period": null,
            "period_unit": null,
            "primary_ip_address": "10.0.2.234",
            "private_ip": "10.0.2.234",
            "public_ip": "",
            "queue_pair_number": 0,
            "renewal_status": null,
            "resource_group_id": "",
            "role_name": null,
            "secondary_private_ip_address_count": 0,
            "secondary_private_ips": [],
            "security_enhancement_strategy": null,
            "security_groups": [
              "sg-l4v6wam66k52k4uxnyo6"
            ],
            "spot_duration": 0,
            "spot_price_limit": 0,
            "spot_strategy": "NoSpot",
            "start_time": "2024-10-30T02:29Z",
            "status": "Running",
            "stopped_mode": "Not-applicable",
            "subnet_id": "vsw-l4v6hfi3k9xbg2py0fpmv",
            "system_disk_auto_snapshot_policy_id": "",
            "system_disk_category": "cloud_essd",
            "system_disk_description": "",
            "system_disk_encrypt_algorithm": null,
            "system_disk_encrypted": false,
            "system_disk_id": "d-l4v6wam66k52k6twthid",
            "system_disk_kms_key_id": "",
            "system_disk_name": "",
            "system_disk_performance_level": "PL1",
            "system_disk_size": 40,
            "system_disk_storage_cluster_id": "",
            "tags": null,
            "timeouts": null,
            "user_data": "IyEvYmluL2Jhc2gNCg0Kc3VkbyBhcHQtZ2V0IHVwZGF0ZSAteXkNCnN1ZG8gYXB0LWdldCBpbnN0YWxsIC15eSBnaXQgY3VybA0KDQpjdXJsIC1mc1NMIGh0dHBzOi8vZ2V0LmRvY2tlci5jb20gLW8gZ2V0LWRvY2tlci5zaA0Kc3VkbyBzaCBnZXQtZG9ja2VyLnNoDQoNCmdpdCBjbG9uZSBodHRwczovL2dpdGh1Yi5jb20vTmlnaHR5bG9sOTExL3Rlc3QtY2Fwc3RvbmUuZ2l0DQpjZCB0ZXN0LWNhcHN0b25lDQoNCmRvY2tlciBjb21wb3NlIHVwIC1k",
            "volume_tags": {},
            "vpc_id": "vpc-l4v4v93gml6fsf6i52zg8",
            "vswitch_id": "vsw-l4v6hfi3k9xbg2py0fpmv"
          },
          "sensitive_attributes": [
            [
              {
                "type": "get_attr",
                "value": "password"
              }
            ]
          ],
          "private": "eyJlMmJmYjczMC1lY2FhLTExZTYtOGY4OC0zNDM2M2JjN2M0YzAiOnsiY3JlYXRlIjo2MDAwMDAwMDAwMDAsImRlbGV0ZSI6MTIwMDAwMDAwMDAwMCwidXBkYXRlIjo2MDAwMDAwMDAwMDB9fQ==",
          "dependencies": [
            "alicloud_ecs_key_pair.myKey",
            "alicloud_instance.mysql",
            "alicloud_instance.redis",
            "alicloud_security_group.http",
            "alicloud_security_group.mysql",
            "alicloud_security_group.redis-sg",
            "alicloud_vpc.vpc",
            "alicloud_vswitch.private",
            "data.alicloud_zones.default"
          ]
        },
        {
          "index_key": 1,
          "schema_version": 0,
          "attributes": {
            "allocate_public_ip": null,
            "auto_release_time": "",
            "auto_renew_period": null,
            "availability_zone": "me-central-1a",
            "cpu": 2,
            "create_time": "2024-10-30T02:29Z",
            "credit_specification": "",
            "data_disks": [],
            "dedicated_host_id": "",
            "deletion_protection": false,
            "deployment_set_group_no": null,
            "deployment_set_id": "",
            "description": "",
            "dry_run": false,
            "enable_jumbo_frame": false,
            "expired_time": "2099-12-31T15:59Z",
            "force_delete": null,
            "host_name": "iZl4v6jb2d3yyho5lcxoopZ",
            "hpc_cluster_id": "",
            "http_endpoint": "",
            "http_put_response_hop_limit": 0,
            "http_tokens": "",
            "id": "i-l4v6jb2d3yyho5lcxoop",
            "image_id": "ubuntu_24_04_x64_20G_alibase_20240812.vhd",
            "include_data_disks": null,
            "instance_charge_type": "PostPaid",
            "instance_name": "http-1",
            "instance_type": "ecs.g6.large",
            "internet_charge_type": "PayByTraffic",
            "internet_max_bandwidth_in": -1,
            "internet_max_bandwidth_out": 0,
            "io_optimized": null,
            "ipv6_address_count": 0,
            "ipv6_addresses": [],
            "is_outdated": null,
            "key_name": "myKey",
            "kms_encrypted_password": null,
            "kms_encryption_context": null,
            "launch_template_id": null,
            "launch_template_name": null,
            "launch_template_version": null,
            "maintenance_action": "AutoRecover",
            "maintenance_notify": false,
            "maintenance_time": [],
            "memory": 8192,
            "network_card_index": null,
            "network_interface_id": "eni-l4viarnvkov0ie7run2r",
            "network_interface_traffic_mode": "Standard",
            "network_interfaces": [],
            "operator_type": null,
            "os_name": "Ubuntu  24.04 64位",
            "os_type": "linux",
            "password": "",
            "password_inherit": null,
            "period": null,
            "period_unit": null,
            "primary_ip_address": "10.0.2.233",
            "private_ip": "10.0.2.233",
            "public_ip": "",
            "queue_pair_number": 0,
            "renewal_status": null,
            "resource_group_id": "",
            "role_name": null,
            "secondary_private_ip_address_count": 0,
            "secondary_private_ips": [],
            "security_enhancement_strategy": null,
            "security_groups": [
              "sg-l4v6wam66k52k4uxnyo6"
            ],
            "spot_duration": 0,
            "spot_price_limit": 0,
            "spot_strategy": "NoSpot",
            "start_time": "2024-10-30T02:29Z",
            "status": "Running",
            "stopped_mode": "Not-applicable",
            "subnet_id": "vsw-l4v6hfi3k9xbg2py0fpmv",
            "system_disk_auto_snapshot_policy_id": "",
            "system_disk_category": "cloud_essd",
            "system_disk_description": "",
            "system_disk_encrypt_algorithm": null,
            "system_disk_encrypted": false,
            "system_disk_id": "d-l4v6jb2d3yyho5lefnfq",
            "system_disk_kms_key_id": "",
            "system_disk_name": "",
            "system_disk_performance_level": "PL1",
            "system_disk_size": 40,
            "system_disk_storage_cluster_id": "",
            "tags": null,
            "timeouts": null,
            "user_data": "IyEvYmluL2Jhc2gNCg0Kc3VkbyBhcHQtZ2V0IHVwZGF0ZSAteXkNCnN1ZG8gYXB0LWdldCBpbnN0YWxsIC15eSBnaXQgY3VybA0KDQpjdXJsIC1mc1NMIGh0dHBzOi8vZ2V0LmRvY2tlci5jb20gLW8gZ2V0LWRvY2tlci5zaA0Kc3VkbyBzaCBnZXQtZG9ja2VyLnNoDQoNCmdpdCBjbG9uZSBodHRwczovL2dpdGh1Yi5jb20vTmlnaHR5bG9sOTExL3Rlc3QtY2Fwc3RvbmUuZ2l0DQpjZCB0ZXN0LWNhcHN0b25lDQoNCmRvY2tlciBjb21wb3NlIHVwIC1k",
            "volume_tags": {},
            "vpc_id": "vpc-l4v4v93gml6fsf6i52zg8",
            "vswitch_id": "vsw-l4v6hfi3k9xbg2py0fpmv"
          },
          "sensitive_attributes": [
            [
              {
                "type": "get_attr",
                "value": "password"
              }
            ]
          ],
          "private": "eyJlMmJmYjczMC1lY2FhLTExZTYtOGY4OC0zNDM2M2JjN2M0YzAiOnsiY3JlYXRlIjo2MDAwMDAwMDAwMDAsImRlbGV0ZSI6MTIwMDAwMDAwMDAwMCwidXBkYXRlIjo2MDAwMDAwMDAwMDB9fQ==",
          "dependencies": [
            "alicloud_ecs_key_pair.myKey",
            "alicloud_instance.mysql",
            "alicloud_instance.redis",
            "alicloud_security_group.http",
            "alicloud_security_group.mysql",
            "alicloud_security_group.redis-sg",
            "alicloud_vpc.vpc",
            "alicloud_vswitch.private",
            "data.alicloud_zones.default"
          ]
        }
      ]
    },
    {
      "mode": "managed",
      "type": "alicloud_instance",
      "name": "mysql",
      "provider": "provider[\"registry.terraform.io/hashicorp/alicloud\"]",
      "instances": [
        {
          "schema_version": 0,
          "attributes": {
            "allocate_public_ip": null,
            "auto_release_time": "",
            "auto_renew_period": null,
            "availability_zone": "me-central-1a",
            "cpu": 2,
            "create_time": "2024-10-30T02:29Z",
            "credit_specification": "",
            "data_disks": [],
            "dedicated_host_id": "",
            "deletion_protection": false,
            "deployment_set_group_no": null,
            "deployment_set_id": "",
            "description": "",
            "dry_run": false,
            "enable_jumbo_frame": false,
            "expired_time": "2099-12-31T15:59Z",
            "force_delete": null,
            "host_name": "mysql",
            "hpc_cluster_id": "",
            "http_endpoint": "",
            "http_put_response_hop_limit": 0,
            "http_tokens": "",
            "id": "i-l4vc2thxkcwc4xdqb4fr",
            "image_id": "ubuntu_24_04_x64_20G_alibase_20240812.vhd",
            "include_data_disks": null,
            "instance_charge_type": "PostPaid",
            "instance_name": "mysql",
            "instance_type": "ecs.g6.large",
            "internet_charge_type": "PayByTraffic",
            "internet_max_bandwidth_in": -1,
            "internet_max_bandwidth_out": 0,
            "io_optimized": null,
            "ipv6_address_count": 0,
            "ipv6_addresses": [],
            "is_outdated": null,
            "key_name": "myKey",
            "kms_encrypted_password": null,
            "kms_encryption_context": null,
            "launch_template_id": null,
            "launch_template_name": null,
            "launch_template_version": null,
            "maintenance_action": "AutoRecover",
            "maintenance_notify": false,
            "maintenance_time": [],
            "memory": 8192,
            "network_card_index": null,
            "network_interface_id": "eni-l4vcibsftdbjcn2m6g8s",
            "network_interface_traffic_mode": "Standard",
            "network_interfaces": [],
            "operator_type": null,
            "os_name": "Ubuntu  24.04 64位",
            "os_type": "linux",
            "password": "",
            "password_inherit": null,
            "period": null,
            "period_unit": null,
            "primary_ip_address": "10.0.2.232",
            "private_ip": "10.0.2.232",
            "public_ip": "",
            "queue_pair_number": 0,
            "renewal_status": null,
            "resource_group_id": "",
            "role_name": null,
            "secondary_private_ip_address_count": 0,
            "secondary_private_ips": [],
            "security_enhancement_strategy": null,
            "security_groups": [
              "sg-l4v6jb2d3yyho3mfa04l"
            ],
            "spot_duration": 0,
            "spot_price_limit": 0,
            "spot_strategy": "NoSpot",
            "start_time": "2024-10-30T02:29Z",
            "status": "Running",
            "stopped_mode": "Not-applicable",
            "subnet_id": "vsw-l4v6hfi3k9xbg2py0fpmv",
            "system_disk_auto_snapshot_policy_id": "",
            "system_disk_category": "cloud_essd",
            "system_disk_description": "",
            "system_disk_encrypt_algorithm": null,
            "system_disk_encrypted": false,
            "system_disk_id": "d-l4viarnvkov0ie7jvw43",
            "system_disk_kms_key_id": "",
            "system_disk_name": "Yazeed",
            "system_disk_performance_level": "PL1",
            "system_disk_size": 20,
            "system_disk_storage_cluster_id": "",
            "tags": null,
            "timeouts": null,
            "user_data": "IyEvYmluL2Jhc2gKCnN1ZG8gYXB0LWdldCB1cGRhdGUgLXl5CnN1ZG8gYXB0LWdldCBpbnN0YWxsIC15eSBnaXQgY3VybAoKY3VybCAtZnNTTCBodHRwczovL2dldC5kb2NrZXIuY29tIC1vIGdldC1kb2NrZXIuc2gKc3VkbyBzaCBnZXQtZG9ja2VyLnNoCgpkb2NrZXIgcnVuIC1kIC1wIDMzMDY6MzMwNiAtLW5hbWUgbXlzcWxpbWFnZSBteXNxbDpsYXRlc3QK",
            "volume_tags": {},
            "vpc_id": "vpc-l4v4v93gml6fsf6i52zg8",
            "vswitch_id": "vsw-l4v6hfi3k9xbg2py0fpmv"
          },
          "sensitive_attributes": [
            [
              {
                "type": "get_attr",
                "value": "password"
              }
            ]
          ],
          "private": "eyJlMmJmYjczMC1lY2FhLTExZTYtOGY4OC0zNDM2M2JjN2M0YzAiOnsiY3JlYXRlIjo2MDAwMDAwMDAwMDAsImRlbGV0ZSI6MTIwMDAwMDAwMDAwMCwidXBkYXRlIjo2MDAwMDAwMDAwMDB9fQ==",
          "dependencies": [
            "alicloud_ecs_key_pair.myKey",
            "alicloud_security_group.mysql",
            "alicloud_vpc.vpc",
            "alicloud_vswitch.private",
            "data.alicloud_zones.default"
          ]
        }
      ]
    },
    {
      "mode": "managed",
      "type": "alicloud_instance",
      "name": "redis",
      "provider": "provider[\"registry.terraform.io/hashicorp/alicloud\"]",
      "instances": [
        {
          "schema_version": 0,
          "attributes": {
            "allocate_public_ip": null,
            "auto_release_time": "",
            "auto_renew_period": null,
            "availability_zone": "me-central-1a",
            "cpu": 2,
            "create_time": "2024-10-30T02:29Z",
            "credit_specification": "",
            "data_disks": [],
            "dedicated_host_id": "",
            "deletion_protection": false,
            "deployment_set_group_no": null,
            "deployment_set_id": "",
            "description": "",
            "dry_run": false,
            "enable_jumbo_frame": false,
            "expired_time": "2099-12-31T15:59Z",
            "force_delete": null,
            "host_name": "redis",
            "hpc_cluster_id": "",
            "http_endpoint": "",
            "http_put_response_hop_limit": 0,
            "http_tokens": "",
            "id": "i-l4v6wam66k52k6tw2woo",
            "image_id": "ubuntu_24_04_x64_20G_alibase_20240812.vhd",
            "include_data_disks": null,
            "instance_charge_type": "PostPaid",
            "instance_name": "redis",
            "instance_type": "ecs.g6.large",
            "internet_charge_type": "PayByTraffic",
            "internet_max_bandwidth_in": -1,
            "internet_max_bandwidth_out": 0,
            "io_optimized": null,
            "ipv6_address_count": 0,
            "ipv6_addresses": [],
            "is_outdated": null,
            "key_name": "myKey",
            "kms_encrypted_password": null,
            "kms_encryption_context": null,
            "launch_template_id": null,
            "launch_template_name": null,
            "launch_template_version": null,
            "maintenance_action": "AutoRecover",
            "maintenance_notify": false,
            "maintenance_time": [],
            "memory": 8192,
            "network_card_index": null,
            "network_interface_id": "eni-l4viarnvkov0ie7run2p",
            "network_interface_traffic_mode": "Standard",
            "network_interfaces": [],
            "operator_type": null,
            "os_name": "Ubuntu  24.04 64位",
            "os_type": "linux",
            "password": "",
            "password_inherit": null,
            "period": null,
            "period_unit": null,
            "primary_ip_address": "10.0.2.231",
            "private_ip": "10.0.2.231",
            "public_ip": "",
            "queue_pair_number": 0,
            "renewal_status": null,
            "resource_group_id": "",
            "role_name": null,
            "secondary_private_ip_address_count": 0,
            "secondary_private_ips": [],
            "security_enhancement_strategy": null,
            "security_groups": [
              "sg-l4viarnvkov0ic8kdg9y"
            ],
            "spot_duration": 0,
            "spot_price_limit": 0,
            "spot_strategy": "NoSpot",
            "start_time": "2024-10-30T02:29Z",
            "status": "Running",
            "stopped_mode": "Not-applicable",
            "subnet_id": "vsw-l4v6hfi3k9xbg2py0fpmv",
            "system_disk_auto_snapshot_policy_id": "",
            "system_disk_category": "cloud_essd",
            "system_disk_description": "",
            "system_disk_encrypt_algorithm": null,
            "system_disk_encrypted": false,
            "system_disk_id": "d-l4viarnvkov0ie7jvw44",
            "system_disk_kms_key_id": "",
            "system_disk_name": "Yazeed",
            "system_disk_performance_level": "PL1",
            "system_disk_size": 40,
            "system_disk_storage_cluster_id": "",
            "tags": null,
            "timeouts": null,
            "user_data": "IyEvYmluL2Jhc2gKCnN1ZG8gYXB0LWdldCB1cGRhdGUgLXl5CnN1ZG8gYXB0LWdldCBpbnN0YWxsIC15eSBnaXQgY3VybAoKY3VybCAtZnNTTCBodHRwczovL2dldC5kb2NrZXIuY29tIC1vIGdldC1kb2NrZXIuc2gKc3VkbyBzaCBnZXQtZG9ja2VyLnNoCgpkb2NrZXIgcnVuIC1kIC1wIDYzNzk6NjM3OSByZWRpczpsYXRlc3Q=",
            "volume_tags": {},
            "vpc_id": "vpc-l4v4v93gml6fsf6i52zg8",
            "vswitch_id": "vsw-l4v6hfi3k9xbg2py0fpmv"
          },
          "sensitive_attributes": [
            [
              {
                "type": "get_attr",
                "value": "password"
              }
            ]
          ],
          "private": "eyJlMmJmYjczMC1lY2FhLTExZTYtOGY4OC0zNDM2M2JjN2M0YzAiOnsiY3JlYXRlIjo2MDAwMDAwMDAwMDAsImRlbGV0ZSI6MTIwMDAwMDAwMDAwMCwidXBkYXRlIjo2MDAwMDAwMDAwMDB9fQ==",
          "dependencies": [
            "alicloud_ecs_key_pair.myKey",
            "alicloud_security_group.redis-sg",
            "alicloud_vpc.vpc",
            "alicloud_vswitch.private",
            "data.alicloud_zones.default"
          ]
        }
      ]
    },
    {
      "mode": "managed",
      "type": "alicloud_nat_gateway",
      "name": "nat",
      "provider": "provider[\"registry.terraform.io/hashicorp/alicloud\"]",
      "instances": [
        {
          "schema_version": 0,
          "attributes": {
            "bandwidth_package_ids": null,
            "bandwidth_packages": [],
            "deletion_protection": false,
            "description": "",
            "dry_run": null,
            "eip_bind_mode": "MULTI_BINDED",
            "force": null,
            "forward_table_ids": "ftb-l4vtv9i72wqly4xtf96z2",
            "id": "ngw-l4vcfwwzmese44xq35myz",
            "instance_charge_type": "PostPaid",
            "internet_charge_type": "PayByLcu",
            "name": "myNat",
            "nat_gateway_name": "myNat",
            "nat_type": "Enhanced",
            "network_type": "internet",
            "payment_type": "PayAsYouGo",
            "period": null,
            "snat_table_ids": "stb-l4vjbnwxzp67kfsryd9cf",
            "spec": null,
            "specification": "",
            "status": "Available",
            "tags": {},
            "timeouts": null,
            "vpc_id": "vpc-l4v4v93gml6fsf6i52zg8",
            "vswitch_id": "vsw-l4vof5rqtr1ics4ftrunw"
          },
          "sensitive_attributes": [],
          "private": "eyJlMmJmYjczMC1lY2FhLTExZTYtOGY4OC0zNDM2M2JjN2M0YzAiOnsiY3JlYXRlIjo2MDAwMDAwMDAwMDAsImRlbGV0ZSI6NjAwMDAwMDAwMDAwLCJ1cGRhdGUiOjYwMDAwMDAwMDAwMH19",
          "dependencies": [
            "alicloud_vpc.vpc",
            "alicloud_vswitch.public-a",
            "data.alicloud_zones.default"
          ]
        }
      ]
    },
    {
      "mode": "managed",
      "type": "alicloud_nlb_listener",
      "name": "default",
      "provider": "provider[\"registry.terraform.io/hashicorp/alicloud\"]",
      "instances": [
        {
          "schema_version": 0,
          "attributes": {
            "alpn_enabled": false,
            "alpn_policy": "",
            "ca_certificate_ids": [],
            "ca_enabled": false,
            "certificate_ids": [],
            "cps": 0,
            "end_port": 0,
            "id": "lsn-nstwv6240f4vaavb0n@80",
            "idle_timeout": 900,
            "listener_description": "http-listener",
            "listener_port": 80,
            "listener_protocol": "TCP",
            "load_balancer_id": "nlb-c16h9sdm9v4jkzxhq0",
            "mss": 0,
            "proxy_protocol_enabled": false,
            "sec_sensor_enabled": false,
            "security_policy_id": "",
            "server_group_id": "sgp-60kia6ck1ejo459s3q",
            "start_port": 0,
            "status": "Running",
            "tags": {},
            "timeouts": null
          },
          "sensitive_attributes": [],
          "private": "eyJlMmJmYjczMC1lY2FhLTExZTYtOGY4OC0zNDM2M2JjN2M0YzAiOnsiY3JlYXRlIjoxODAwMDAwMDAwMDAwLCJkZWxldGUiOjE4MDAwMDAwMDAwMDAsInVwZGF0ZSI6MTgwMDAwMDAwMDAwMH19",
          "dependencies": [
            "alicloud_nlb_load_balancer.nlb",
            "alicloud_nlb_server_group.serverGroups",
            "alicloud_vpc.vpc",
            "alicloud_vswitch.public-a",
            "alicloud_vswitch.public-b",
            "data.alicloud_zones.default"
          ]
        }
      ]
    },
    {
      "mode": "managed",
      "type": "alicloud_nlb_load_balancer",
      "name": "nlb",
      "provider": "provider[\"registry.terraform.io/hashicorp/alicloud\"]",
      "instances": [
        {
          "schema_version": 0,
          "attributes": {
            "address_ip_version": "Ipv4",
            "address_type": "Internet",
            "bandwidth_package_id": "",
            "create_time": "2024-10-30T02:27:34Z",
            "cross_zone_enabled": true,
            "deletion_protection_config": [
              {
                "enabled": false,
                "enabled_time": "",
                "reason": ""
              }
            ],
            "deletion_protection_enabled": false,
            "deletion_protection_reason": "",
            "dns_name": "nlb-c16h9sdm9v4jkzxhq0.me-central-1.nlb.aliyuncs.com",
            "id": "nlb-c16h9sdm9v4jkzxhq0",
            "ipv6_address_type": "Intranet",
            "load_balancer_business_status": "Normal",
            "load_balancer_name": "http-load-balancer",
            "load_balancer_type": "Network",
            "modification_protection_config": [
              {
                "enabled_time": "",
                "reason": "",
                "status": "NonProtection"
              }
            ],
            "modification_protection_reason": "",
            "modification_protection_status": "NonProtection",
            "resource_group_id": "rg-acfnubpk4r7btqq",
            "security_group_ids": [],
            "status": "Active",
            "tags": {},
            "timeouts": null,
            "vpc_id": "vpc-l4v4v93gml6fsf6i52zg8",
            "zone_mappings": [
              {
                "allocation_id": "eip-l4v8yqxo9j3szx40x9ddp",
                "eni_id": "eni-l4v6jb2d3yyho3mf8ex8",
                "ipv6_address": "",
                "private_ipv4_address": "10.0.1.54",
                "public_ipv4_address": "8.213.38.247",
                "status": "Active",
                "vswitch_id": "vsw-l4vof5rqtr1ics4ftrunw",
                "zone_id": "me-central-1a"
              },
              {
                "allocation_id": "eip-l4vhep91kfcwrcabu43r7",
                "eni_id": "eni-l4viarnvkov0ic8qql3h",
                "ipv6_address": "",
                "private_ipv4_address": "10.0.4.202",
                "public_ipv4_address": "8.213.41.128",
                "status": "Active",
                "vswitch_id": "vsw-l4vu5fw1pccwwpsjte48y",
                "zone_id": "me-central-1b"
              }
            ]
          },
          "sensitive_attributes": [],
          "private": "eyJlMmJmYjczMC1lY2FhLTExZTYtOGY4OC0zNDM2M2JjN2M0YzAiOnsiY3JlYXRlIjozMDAwMDAwMDAwMDAsImRlbGV0ZSI6MzAwMDAwMDAwMDAwLCJ1cGRhdGUiOjMwMDAwMDAwMDAwMH19",
          "dependencies": [
            "alicloud_vpc.vpc",
            "alicloud_vswitch.public-a",
            "alicloud_vswitch.public-b",
            "data.alicloud_zones.default"
          ]
        }
      ]
    },
    {
      "mode": "managed",
      "type": "alicloud_nlb_server_group",
      "name": "serverGroups",
      "provider": "provider[\"registry.terraform.io/hashicorp/alicloud\"]",
      "instances": [
        {
          "schema_version": 0,
          "attributes": {
            "address_ip_version": "Ipv4",
            "any_port_enabled": false,
            "connection_drain": true,
            "connection_drain_enabled": true,
            "connection_drain_timeout": 60,
            "health_check": [
              {
                "health_check_connect_port": 0,
                "health_check_connect_timeout": 5,
                "health_check_domain": "$SERVER_IP",
                "health_check_enabled": true,
                "health_check_http_code": [
                  "http_2xx",
                  "http_3xx",
                  "http_4xx"
                ],
                "health_check_interval": 10,
                "health_check_type": "TCP",
                "health_check_url": "",
                "healthy_threshold": 2,
                "http_check_method": "GET",
                "unhealthy_threshold": 2
              }
            ],
            "id": "sgp-60kia6ck1ejo459s3q",
            "preserve_client_ip_enabled": true,
            "protocol": "TCP",
            "resource_group_id": "rg-acfnubpk4r7btqq",
            "scheduler": "Rr",
            "server_group_name": "http-serverGroups",
            "server_group_type": "Instance",
            "status": "Available",
            "tags": {},
            "timeouts": null,
            "vpc_id": "vpc-l4v4v93gml6fsf6i52zg8"
          },
          "sensitive_attributes": [],
          "private": "eyJlMmJmYjczMC1lY2FhLTExZTYtOGY4OC0zNDM2M2JjN2M0YzAiOnsiY3JlYXRlIjozMDAwMDAwMDAwMDAsImRlbGV0ZSI6MzAwMDAwMDAwMDAwLCJ1cGRhdGUiOjMwMDAwMDAwMDAwMH19",
          "dependencies": [
            "alicloud_vpc.vpc"
          ]
        }
      ]
    },
    {
      "mode": "managed",
      "type": "alicloud_nlb_server_group_server_attachment",
      "name": "serverGroups_attachment",
      "provider": "provider[\"registry.terraform.io/hashicorp/alicloud\"]",
      "instances": [
        {
          "index_key": 0,
          "schema_version": 0,
          "attributes": {
            "description": "http",
            "id": "sgp-60kia6ck1ejo459s3q:i-l4vc2thxkcwc4xdqb4fs:Ecs:5000",
            "port": 5000,
            "server_group_id": "sgp-60kia6ck1ejo459s3q",
            "server_id": "i-l4vc2thxkcwc4xdqb4fs",
            "server_ip": "10.0.2.234",
            "server_type": "Ecs",
            "status": "Available",
            "timeouts": null,
            "weight": 100,
            "zone_id": "me-central-1a"
          },
          "sensitive_attributes": [],
          "private": "eyJlMmJmYjczMC1lY2FhLTExZTYtOGY4OC0zNDM2M2JjN2M0YzAiOnsiY3JlYXRlIjozMDAwMDAwMDAwMDAsImRlbGV0ZSI6MzAwMDAwMDAwMDAwLCJ1cGRhdGUiOjMwMDAwMDAwMDAwMH19",
          "dependencies": [
            "alicloud_ecs_key_pair.myKey",
            "alicloud_instance.http",
            "alicloud_instance.mysql",
            "alicloud_instance.redis",
            "alicloud_nlb_server_group.serverGroups",
            "alicloud_security_group.http",
            "alicloud_security_group.mysql",
            "alicloud_security_group.redis-sg",
            "alicloud_vpc.vpc",
            "alicloud_vswitch.private",
            "data.alicloud_zones.default"
          ]
        },
        {
          "index_key": 1,
          "schema_version": 0,
          "attributes": {
            "description": "http",
            "id": "sgp-60kia6ck1ejo459s3q:i-l4v6jb2d3yyho5lcxoop:Ecs:5000",
            "port": 5000,
            "server_group_id": "sgp-60kia6ck1ejo459s3q",
            "server_id": "i-l4v6jb2d3yyho5lcxoop",
            "server_ip": "10.0.2.233",
            "server_type": "Ecs",
            "status": "Available",
            "timeouts": null,
            "weight": 100,
            "zone_id": "me-central-1a"
          },
          "sensitive_attributes": [],
          "private": "eyJlMmJmYjczMC1lY2FhLTExZTYtOGY4OC0zNDM2M2JjN2M0YzAiOnsiY3JlYXRlIjozMDAwMDAwMDAwMDAsImRlbGV0ZSI6MzAwMDAwMDAwMDAwLCJ1cGRhdGUiOjMwMDAwMDAwMDAwMH19",
          "dependencies": [
            "alicloud_ecs_key_pair.myKey",
            "alicloud_instance.http",
            "alicloud_instance.mysql",
            "alicloud_instance.redis",
            "alicloud_nlb_server_group.serverGroups",
            "alicloud_security_group.http",
            "alicloud_security_group.mysql",
            "alicloud_security_group.redis-sg",
            "alicloud_vpc.vpc",
            "alicloud_vswitch.private",
            "data.alicloud_zones.default"
          ]
        }
      ]
    },
    {
      "mode": "managed",
      "type": "alicloud_route_entry",
      "name": "nat_entry",
      "provider": "provider[\"registry.terraform.io/hashicorp/alicloud\"]",
      "instances": [
        {
          "schema_version": 0,
          "attributes": {
            "description": "",
            "destination_cidrblock": "0.0.0.0/0",
            "id": "vtb-l4vcn1xk7sscmr9o8l95z:vrt-l4vxsu2qp7srwm6a6upyy:0.0.0.0/0:NatGateway:ngw-l4vcfwwzmese44xq35myz",
            "name": "",
            "nexthop_id": "ngw-l4vcfwwzmese44xq35myz",
            "nexthop_type": "NatGateway",
            "route_table_id": "vtb-l4vcn1xk7sscmr9o8l95z",
            "router_id": "vrt-l4vxsu2qp7srwm6a6upyy"
          },
          "sensitive_attributes": [],
          "private": "bnVsbA==",
          "dependencies": [
            "alicloud_nat_gateway.nat",
            "alicloud_route_table.private",
            "alicloud_vpc.vpc",
            "alicloud_vswitch.public-a",
            "data.alicloud_zones.default"
          ]
        }
      ]
    },
    {
      "mode": "managed",
      "type": "alicloud_route_table",
      "name": "private",
      "provider": "provider[\"registry.terraform.io/hashicorp/alicloud\"]",
      "instances": [
        {
          "schema_version": 0,
          "attributes": {
            "associate_type": "VSwitch",
            "create_time": "2024-10-30T02:27:06Z",
            "description": "private route table",
            "id": "vtb-l4vcn1xk7sscmr9o8l95z",
            "name": "nat-route-table",
            "resource_group_id": "rg-acfnubpk4r7btqq",
            "route_table_name": "nat-route-table",
            "status": "Available",
            "tags": {},
            "timeouts": null,
            "vpc_id": "vpc-l4v4v93gml6fsf6i52zg8"
          },
          "sensitive_attributes": [],
          "private": "eyJlMmJmYjczMC1lY2FhLTExZTYtOGY4OC0zNDM2M2JjN2M0YzAiOnsiY3JlYXRlIjo2MDAwMDAwMDAwMDAsImRlbGV0ZSI6NjAwMDAwMDAwMDAwLCJ1cGRhdGUiOjYwMDAwMDAwMDAwMH19",
          "dependencies": [
            "alicloud_vpc.vpc"
          ]
        }
      ]
    },
    {
      "mode": "managed",
      "type": "alicloud_route_table_attachment",
      "name": "foo",
      "provider": "provider[\"registry.terraform.io/hashicorp/alicloud\"]",
      "instances": [
        {
          "schema_version": 0,
          "attributes": {
            "id": "vtb-l4vcn1xk7sscmr9o8l95z:vsw-l4v6hfi3k9xbg2py0fpmv",
            "route_table_id": "vtb-l4vcn1xk7sscmr9o8l95z",
            "status": "Available",
            "timeouts": null,
            "vswitch_id": "vsw-l4v6hfi3k9xbg2py0fpmv"
          },
          "sensitive_attributes": [],
          "private": "eyJlMmJmYjczMC1lY2FhLTExZTYtOGY4OC0zNDM2M2JjN2M0YzAiOnsiY3JlYXRlIjozMDAwMDAwMDAwMDAsImRlbGV0ZSI6MzAwMDAwMDAwMDAwfX0=",
          "dependencies": [
            "alicloud_route_table.private",
            "alicloud_vpc.vpc",
            "alicloud_vswitch.private",
            "data.alicloud_zones.default"
          ]
        }
      ]
    },
    {
      "mode": "managed",
      "type": "alicloud_security_group",
      "name": "basiton",
      "provider": "provider[\"registry.terraform.io/hashicorp/alicloud\"]",
      "instances": [
        {
          "schema_version": 0,
          "attributes": {
            "description": "basiton security group",
            "id": "sg-l4vhsb8ztd0tyypc3mle",
            "inner_access": true,
            "inner_access_policy": "Accept",
            "name": "basiton",
            "resource_group_id": "",
            "security_group_type": "normal",
            "tags": {},
            "timeouts": null,
            "vpc_id": "vpc-l4v4v93gml6fsf6i52zg8"
          },
          "sensitive_attributes": [],
          "private": "eyJlMmJmYjczMC1lY2FhLTExZTYtOGY4OC0zNDM2M2JjN2M0YzAiOnsiZGVsZXRlIjo2MDAwMDAwMDAwMDB9fQ==",
          "dependencies": [
            "alicloud_vpc.vpc"
          ]
        }
      ]
    },
    {
      "mode": "managed",
      "type": "alicloud_security_group",
      "name": "http",
      "provider": "provider[\"registry.terraform.io/hashicorp/alicloud\"]",
      "instances": [
        {
          "schema_version": 0,
          "attributes": {
            "description": "http security group",
            "id": "sg-l4v6wam66k52k4uxnyo6",
            "inner_access": true,
            "inner_access_policy": "Accept",
            "name": "http",
            "resource_group_id": "",
            "security_group_type": "normal",
            "tags": {},
            "timeouts": null,
            "vpc_id": "vpc-l4v4v93gml6fsf6i52zg8"
          },
          "sensitive_attributes": [],
          "private": "eyJlMmJmYjczMC1lY2FhLTExZTYtOGY4OC0zNDM2M2JjN2M0YzAiOnsiZGVsZXRlIjo2MDAwMDAwMDAwMDB9fQ==",
          "dependencies": [
            "alicloud_vpc.vpc"
          ]
        }
      ]
    },
    {
      "mode": "managed",
      "type": "alicloud_security_group",
      "name": "mysql",
      "provider": "provider[\"registry.terraform.io/hashicorp/alicloud\"]",
      "instances": [
        {
          "schema_version": 0,
          "attributes": {
            "description": "mysql security group",
            "id": "sg-l4v6jb2d3yyho3mfa04l",
            "inner_access": true,
            "inner_access_policy": "Accept",
            "name": "mysql-sg",
            "resource_group_id": "",
            "security_group_type": "normal",
            "tags": {},
            "timeouts": null,
            "vpc_id": "vpc-l4v4v93gml6fsf6i52zg8"
          },
          "sensitive_attributes": [],
          "private": "eyJlMmJmYjczMC1lY2FhLTExZTYtOGY4OC0zNDM2M2JjN2M0YzAiOnsiZGVsZXRlIjo2MDAwMDAwMDAwMDB9fQ==",
          "dependencies": [
            "alicloud_vpc.vpc"
          ]
        }
      ]
    },
    {
      "mode": "managed",
      "type": "alicloud_security_group",
      "name": "redis-sg",
      "provider": "provider[\"registry.terraform.io/hashicorp/alicloud\"]",
      "instances": [
        {
          "schema_version": 0,
          "attributes": {
            "description": "redis security group",
            "id": "sg-l4viarnvkov0ic8kdg9y",
            "inner_access": true,
            "inner_access_policy": "Accept",
            "name": "http-redis",
            "resource_group_id": "",
            "security_group_type": "normal",
            "tags": {},
            "timeouts": null,
            "vpc_id": "vpc-l4v4v93gml6fsf6i52zg8"
          },
          "sensitive_attributes": [],
          "private": "eyJlMmJmYjczMC1lY2FhLTExZTYtOGY4OC0zNDM2M2JjN2M0YzAiOnsiZGVsZXRlIjo2MDAwMDAwMDAwMDB9fQ==",
          "dependencies": [
            "alicloud_vpc.vpc"
          ]
        }
      ]
    },
    {
      "mode": "managed",
      "type": "alicloud_security_group_rule",
      "name": "allow-ssh-mysql",
      "provider": "provider[\"registry.terraform.io/hashicorp/alicloud\"]",
      "instances": [
        {
          "schema_version": 0,
          "attributes": {
            "cidr_ip": "",
            "description": "",
            "id": "sg-l4v6jb2d3yyho3mfa04l:ingress:tcp:22/22:\u003cnil\u003e:sg-l4vhsb8ztd0tyypc3mle:accept:1",
            "ip_protocol": "tcp",
            "ipv6_cidr_ip": "",
            "nic_type": "intranet",
            "policy": "accept",
            "port_range": "22/22",
            "prefix_list_id": "",
            "priority": 1,
            "security_group_id": "sg-l4v6jb2d3yyho3mfa04l",
            "source_group_owner_account": "",
            "source_security_group_id": "sg-l4vhsb8ztd0tyypc3mle",
            "type": "ingress"
          },
          "sensitive_attributes": [],
          "private": "bnVsbA==",
          "dependencies": [
            "alicloud_security_group.basiton",
            "alicloud_security_group.mysql",
            "alicloud_vpc.vpc"
          ]
        }
      ]
    },
    {
      "mode": "managed",
      "type": "alicloud_security_group_rule",
      "name": "allow-ssh-reddis",
      "provider": "provider[\"registry.terraform.io/hashicorp/alicloud\"]",
      "instances": [
        {
          "schema_version": 0,
          "attributes": {
            "cidr_ip": "",
            "description": "",
            "id": "sg-l4viarnvkov0ic8kdg9y:ingress:tcp:22/22:\u003cnil\u003e:sg-l4vhsb8ztd0tyypc3mle:accept:1",
            "ip_protocol": "tcp",
            "ipv6_cidr_ip": "",
            "nic_type": "intranet",
            "policy": "accept",
            "port_range": "22/22",
            "prefix_list_id": "",
            "priority": 1,
            "security_group_id": "sg-l4viarnvkov0ic8kdg9y",
            "source_group_owner_account": "",
            "source_security_group_id": "sg-l4vhsb8ztd0tyypc3mle",
            "type": "ingress"
          },
          "sensitive_attributes": [],
          "private": "bnVsbA==",
          "dependencies": [
            "alicloud_security_group.basiton",
            "alicloud_security_group.redis-sg",
            "alicloud_vpc.vpc"
          ]
        }
      ]
    },
    {
      "mode": "managed",
      "type": "alicloud_security_group_rule",
      "name": "allow-web-mysql",
      "provider": "provider[\"registry.terraform.io/hashicorp/alicloud\"]",
      "instances": [
        {
          "schema_version": 0,
          "attributes": {
            "cidr_ip": "",
            "description": "",
            "id": "sg-l4v6jb2d3yyho3mfa04l:ingress:tcp:3306/3306:\u003cnil\u003e:sg-l4v6wam66k52k4uxnyo6:accept:1",
            "ip_protocol": "tcp",
            "ipv6_cidr_ip": "",
            "nic_type": "intranet",
            "policy": "accept",
            "port_range": "3306/3306",
            "prefix_list_id": "",
            "priority": 1,
            "security_group_id": "sg-l4v6jb2d3yyho3mfa04l",
            "source_group_owner_account": "",
            "source_security_group_id": "sg-l4v6wam66k52k4uxnyo6",
            "type": "ingress"
          },
          "sensitive_attributes": [],
          "private": "bnVsbA==",
          "dependencies": [
            "alicloud_security_group.http",
            "alicloud_security_group.mysql",
            "alicloud_vpc.vpc"
          ]
        }
      ]
    },
    {
      "mode": "managed",
      "type": "alicloud_security_group_rule",
      "name": "allow-web-reddis",
      "provider": "provider[\"registry.terraform.io/hashicorp/alicloud\"]",
      "instances": [
        {
          "schema_version": 0,
          "attributes": {
            "cidr_ip": "",
            "description": "",
            "id": "sg-l4viarnvkov0ic8kdg9y:ingress:tcp:6379/6379:\u003cnil\u003e:sg-l4v6wam66k52k4uxnyo6:accept:1",
            "ip_protocol": "tcp",
            "ipv6_cidr_ip": "",
            "nic_type": "intranet",
            "policy": "accept",
            "port_range": "6379/6379",
            "prefix_list_id": "",
            "priority": 1,
            "security_group_id": "sg-l4viarnvkov0ic8kdg9y",
            "source_group_owner_account": "",
            "source_security_group_id": "sg-l4v6wam66k52k4uxnyo6",
            "type": "ingress"
          },
          "sensitive_attributes": [],
          "private": "bnVsbA==",
          "dependencies": [
            "alicloud_security_group.http",
            "alicloud_security_group.redis-sg",
            "alicloud_vpc.vpc"
          ]
        }
      ]
    },
    {
      "mode": "managed",
      "type": "alicloud_security_group_rule",
      "name": "allow-web-ssh",
      "provider": "provider[\"registry.terraform.io/hashicorp/alicloud\"]",
      "instances": [
        {
          "schema_version": 0,
          "attributes": {
            "cidr_ip": "",
            "description": "",
            "id": "sg-l4v6wam66k52k4uxnyo6:ingress:tcp:22/22:\u003cnil\u003e:sg-l4vhsb8ztd0tyypc3mle:accept:1",
            "ip_protocol": "tcp",
            "ipv6_cidr_ip": "",
            "nic_type": "intranet",
            "policy": "accept",
            "port_range": "22/22",
            "prefix_list_id": "",
            "priority": 1,
            "security_group_id": "sg-l4v6wam66k52k4uxnyo6",
            "source_group_owner_account": "",
            "source_security_group_id": "sg-l4vhsb8ztd0tyypc3mle",
            "type": "ingress"
          },
          "sensitive_attributes": [],
          "private": "bnVsbA==",
          "dependencies": [
            "alicloud_security_group.basiton",
            "alicloud_security_group.http",
            "alicloud_vpc.vpc"
          ]
        }
      ]
    },
    {
      "mode": "managed",
      "type": "alicloud_security_group_rule",
      "name": "allow_for_http",
      "provider": "provider[\"registry.terraform.io/hashicorp/alicloud\"]",
      "instances": [
        {
          "schema_version": 0,
          "attributes": {
            "cidr_ip": "0.0.0.0/0",
            "description": "",
            "id": "sg-l4v6wam66k52k4uxnyo6:ingress:tcp:80/80:\u003cnil\u003e:0.0.0.0/0:accept:1",
            "ip_protocol": "tcp",
            "ipv6_cidr_ip": "",
            "nic_type": "intranet",
            "policy": "accept",
            "port_range": "80/80",
            "prefix_list_id": "",
            "priority": 1,
            "security_group_id": "sg-l4v6wam66k52k4uxnyo6",
            "source_group_owner_account": "",
            "source_security_group_id": "",
            "type": "ingress"
          },
          "sensitive_attributes": [],
          "private": "bnVsbA==",
          "dependencies": [
            "alicloud_security_group.http",
            "alicloud_vpc.vpc"
          ]
        }
      ]
    },
    {
      "mode": "managed",
      "type": "alicloud_security_group_rule",
      "name": "allow_ssh-basiton",
      "provider": "provider[\"registry.terraform.io/hashicorp/alicloud\"]",
      "instances": [
        {
          "schema_version": 0,
          "attributes": {
            "cidr_ip": "0.0.0.0/0",
            "description": "",
            "id": "sg-l4vhsb8ztd0tyypc3mle:ingress:tcp:22/22:\u003cnil\u003e:0.0.0.0/0:accept:1",
            "ip_protocol": "tcp",
            "ipv6_cidr_ip": "",
            "nic_type": "intranet",
            "policy": "accept",
            "port_range": "22/22",
            "prefix_list_id": "",
            "priority": 1,
            "security_group_id": "sg-l4vhsb8ztd0tyypc3mle",
            "source_group_owner_account": "",
            "source_security_group_id": "",
            "type": "ingress"
          },
          "sensitive_attributes": [],
          "private": "bnVsbA==",
          "dependencies": [
            "alicloud_security_group.basiton",
            "alicloud_vpc.vpc"
          ]
        }
      ]
    },
    {
      "mode": "managed",
      "type": "alicloud_snat_entry",
      "name": "default",
      "provider": "provider[\"registry.terraform.io/hashicorp/alicloud\"]",
      "instances": [
        {
          "schema_version": 0,
          "attributes": {
            "id": "stb-l4vjbnwxzp67kfsryd9cf:snat-l4vnlzu035y5ipw156ftd",
            "snat_entry_id": "snat-l4vnlzu035y5ipw156ftd",
            "snat_entry_name": "",
            "snat_ip": "8.213.32.68",
            "snat_table_id": "stb-l4vjbnwxzp67kfsryd9cf",
            "source_cidr": "10.0.2.0/24",
            "source_vswitch_id": "vsw-l4v6hfi3k9xbg2py0fpmv",
            "status": "Available",
            "timeouts": null
          },
          "sensitive_attributes": [],
          "private": "eyJlMmJmYjczMC1lY2FhLTExZTYtOGY4OC0zNDM2M2JjN2M0YzAiOnsiY3JlYXRlIjoxMjAwMDAwMDAwMDAsImRlbGV0ZSI6MTIwMDAwMDAwMDAwLCJ1cGRhdGUiOjEyMDAwMDAwMDAwMH19",
          "dependencies": [
            "alicloud_eip_address.nat_eip",
            "alicloud_nat_gateway.nat",
            "alicloud_vpc.vpc",
            "alicloud_vswitch.private",
            "alicloud_vswitch.public-a",
            "data.alicloud_zones.default"
          ]
        }
      ]
    },
    {
      "mode": "managed",
      "type": "alicloud_vpc",
      "name": "vpc",
      "provider": "provider[\"registry.terraform.io/hashicorp/alicloud\"]",
      "instances": [
        {
          "schema_version": 0,
          "attributes": {
            "cidr_block": "10.0.0.0/8",
            "classic_link_enabled": false,
            "create_time": "2024-10-30T02:26:59Z",
            "description": "",
            "dry_run": null,
            "enable_ipv6": false,
            "id": "vpc-l4v4v93gml6fsf6i52zg8",
            "ipv4_ipam_pool_id": null,
            "ipv6_cidr_block": "",
            "ipv6_cidr_blocks": [],
            "ipv6_isp": null,
            "is_default": null,
            "name": "capstone_vpc",
            "resource_group_id": "rg-acfnubpk4r7btqq",
            "route_table_id": "vtb-l4v1u1ascz7hy3q5ytg57",
            "router_id": "vrt-l4vxsu2qp7srwm6a6upyy",
            "router_table_id": "vtb-l4v1u1ascz7hy3q5ytg57",
            "secondary_cidr_blocks": [],
            "status": "Available",
            "system_route_table_description": "",
            "system_route_table_name": "",
            "tags": {},
            "timeouts": null,
            "user_cidrs": [],
            "vpc_name": "capstone_vpc"
          },
          "sensitive_attributes": [],
          "private": "eyJlMmJmYjczMC1lY2FhLTExZTYtOGY4OC0zNDM2M2JjN2M0YzAiOnsiY3JlYXRlIjozMDAwMDAwMDAwMDAsImRlbGV0ZSI6MzAwMDAwMDAwMDAwLCJ1cGRhdGUiOjMwMDAwMDAwMDAwMH19"
        }
      ]
    },
    {
      "mode": "managed",
      "type": "alicloud_vswitch",
      "name": "private",
      "provider": "provider[\"registry.terraform.io/hashicorp/alicloud\"]",
      "instances": [
        {
          "schema_version": 0,
          "attributes": {
            "availability_zone": "me-central-1a",
            "cidr_block": "10.0.2.0/24",
            "create_time": "2024-10-30T02:27:16Z",
            "description": "",
            "enable_ipv6": null,
            "id": "vsw-l4v6hfi3k9xbg2py0fpmv",
            "ipv6_cidr_block": "",
            "ipv6_cidr_block_mask": null,
            "name": "private",
            "status": "Available",
            "tags": {},
            "timeouts": null,
            "vpc_id": "vpc-l4v4v93gml6fsf6i52zg8",
            "vswitch_name": "private",
            "zone_id": "me-central-1a"
          },
          "sensitive_attributes": [],
          "private": "eyJlMmJmYjczMC1lY2FhLTExZTYtOGY4OC0zNDM2M2JjN2M0YzAiOnsiY3JlYXRlIjozMDAwMDAwMDAwMDAsImRlbGV0ZSI6NjAwMDAwMDAwMDAwLCJ1cGRhdGUiOjMwMDAwMDAwMDAwMH19",
          "dependencies": [
            "alicloud_vpc.vpc",
            "data.alicloud_zones.default"
          ]
        }
      ]
    },
    {
      "mode": "managed",
      "type": "alicloud_vswitch",
      "name": "public-a",
      "provider": "provider[\"registry.terraform.io/hashicorp/alicloud\"]",
      "instances": [
        {
          "schema_version": 0,
          "attributes": {
            "availability_zone": "me-central-1a",
            "cidr_block": "10.0.1.0/24",
            "create_time": "2024-10-30T02:27:23Z",
            "description": "",
            "enable_ipv6": null,
            "id": "vsw-l4vof5rqtr1ics4ftrunw",
            "ipv6_cidr_block": "",
            "ipv6_cidr_block_mask": null,
            "name": "public-a",
            "status": "Available",
            "tags": {},
            "timeouts": null,
            "vpc_id": "vpc-l4v4v93gml6fsf6i52zg8",
            "vswitch_name": "public-a",
            "zone_id": "me-central-1a"
          },
          "sensitive_attributes": [],
          "private": "eyJlMmJmYjczMC1lY2FhLTExZTYtOGY4OC0zNDM2M2JjN2M0YzAiOnsiY3JlYXRlIjozMDAwMDAwMDAwMDAsImRlbGV0ZSI6NjAwMDAwMDAwMDAwLCJ1cGRhdGUiOjMwMDAwMDAwMDAwMH19",
          "dependencies": [
            "alicloud_vpc.vpc",
            "data.alicloud_zones.default"
          ]
        }
      ]
    },
    {
      "mode": "managed",
      "type": "alicloud_vswitch",
      "name": "public-b",
      "provider": "provider[\"registry.terraform.io/hashicorp/alicloud\"]",
      "instances": [
        {
          "schema_version": 0,
          "attributes": {
            "availability_zone": "me-central-1b",
            "cidr_block": "10.0.4.0/24",
            "create_time": "2024-10-30T02:27:10Z",
            "description": "",
            "enable_ipv6": null,
            "id": "vsw-l4vu5fw1pccwwpsjte48y",
            "ipv6_cidr_block": "",
            "ipv6_cidr_block_mask": null,
            "name": "public-b",
            "status": "Available",
            "tags": {},
            "timeouts": null,
            "vpc_id": "vpc-l4v4v93gml6fsf6i52zg8",
            "vswitch_name": "public-b",
            "zone_id": "me-central-1b"
          },
          "sensitive_attributes": [],
          "private": "eyJlMmJmYjczMC1lY2FhLTExZTYtOGY4OC0zNDM2M2JjN2M0YzAiOnsiY3JlYXRlIjozMDAwMDAwMDAwMDAsImRlbGV0ZSI6NjAwMDAwMDAwMDAwLCJ1cGRhdGUiOjMwMDAwMDAwMDAwMH19",
          "dependencies": [
            "alicloud_vpc.vpc",
            "data.alicloud_zones.default"
          ]
        }
      ]
    }
  ],
  "check_results": null
}
